PODS:
  - AFDateHelper (4.3.0)
  - Alamofire (5.5.0)
  - ReachabilitySwift (5.0.0)
  - Realm (10.22.0):
    - Realm/Headers (= 10.22.0)
  - Realm/Headers (10.22.0)
  - RealmSwift (10.22.0):
    - Realm (= 10.22.0)
  - SDWebImage (4.4.8):
    - SDWebImage/Core (= 4.4.8)
  - SDWebImage/Core (4.4.8)
  - SwifterSwift (5.2.0):
    - SwifterSwift/AppKit (= 5.2.0)
    - SwifterSwift/CoreAnimation (= 5.2.0)
    - SwifterSwift/CoreGraphics (= 5.2.0)
    - SwifterSwift/CoreLocation (= 5.2.0)
    - SwifterSwift/Dispatch (= 5.2.0)
    - SwifterSwift/Foundation (= 5.2.0)
    - SwifterSwift/MapKit (= 5.2.0)
    - SwifterSwift/SceneKit (= 5.2.0)
    - SwifterSwift/SpriteKit (= 5.2.0)
    - SwifterSwift/StoreKit (= 5.2.0)
    - SwifterSwift/SwiftStdlib (= 5.2.0)
    - SwifterSwift/UIKit (= 5.2.0)
  - SwifterSwift/AppKit (5.2.0)
  - SwifterSwift/CoreAnimation (5.2.0)
  - SwifterSwift/CoreGraphics (5.2.0)
  - SwifterSwift/CoreLocation (5.2.0)
  - SwifterSwift/Dispatch (5.2.0)
  - SwifterSwift/Foundation (5.2.0)
  - SwifterSwift/MapKit (5.2.0)
  - SwifterSwift/SceneKit (5.2.0)
  - SwifterSwift/SpriteKit (5.2.0)
  - SwifterSwift/StoreKit (5.2.0)
  - SwifterSwift/SwiftStdlib (5.2.0)
  - SwifterSwift/UIKit (5.2.0)
  - SwiftLocation/Core (5.1.0)

DEPENDENCIES:
  - AFDateHelper
  - Alamofire
  - ReachabilitySwift
  - RealmSwift
  - SDWebImage (~> 4.0)
  - SwifterSwift
  - SwiftLocation/Core

SPEC REPOS:
  trunk:
    - AFDateHelper
    - Alamofire
    - ReachabilitySwift
    - Realm
    - RealmSwift
    - SDWebImage
    - SwifterSwift
    - SwiftLocation

SPEC CHECKSUMS:
  AFDateHelper: b769c07d3d4784ee9a74633285304261bb27dc52
  Alamofire: 1c4fb5369c3fe93d2857c780d8bbe09f06f97e7c
  ReachabilitySwift: 985039c6f7b23a1da463388634119492ff86c825
  Realm: d9e4e5877095a6722145811f56fe89a531c9659d
  RealmSwift: e4191b4b957fcfcbed23751ec65eec98f8173ab5
  SDWebImage: 783af2c3fa36291a250030c4752ee370a9a51d13
  SwifterSwift: 334181863c416882d97b7a60c05054d9e4d799e2
  SwiftLocation: 83e0ea75a1969cee3a1197e2b7095603fc23fde5

PODFILE CHECKSUM: 774aafbd5c2d40575479982c1f1a49f00e6bd947

COCOAPODS: 1.11.2
